<?xml version="1.0" encoding="UTF-8" standalone="yes" ?>
<CodeBlocks_project_file>
	<FileVersion major="1" minor="6" />
	<Project>
		<Option title="Project" />
		<Option pch_mode="2" />
		<Option compiler="gcc" />
		<Build>
			<Target title="Debug">
				<Option output="bin/Debug/Project" prefix_auto="1" extension_auto="1" />
				<Option object_output="obj/Debug/" />
				<Option type="1" />
				<Option compiler="gcc" />
				<Compiler>
					<Add option="-g" />
					<Add directory="include" />
				</Compiler>
			</Target>
			<Target title="Release">
				<Option output="bin/Release/Project" prefix_auto="1" extension_auto="1" />
				<Option object_output="obj/Release/" />
				<Option type="1" />
				<Option compiler="gcc" />
				<Compiler>
					<Add option="-O2" />
					<Add directory="include" />
				</Compiler>
				<Linker>
					<Add option="-s" />
				</Linker>
			</Target>
		</Build>
		<Compiler>
			<Add option="-Wall" />
		</Compiler>
		<Unit filename="enemy/Enemy.txt" />
		<Unit filename="include/Camera.h" />
		<Unit filename="include/Collision.h" />
		<Unit filename="include/Enemy.h" />
		<Unit filename="include/Global.h" />
		<Unit filename="include/Map.h" />
		<Unit filename="include/Player.h" />
		<Unit filename="include/ScreenManager.h" />
		<Unit filename="levels/ColMap1.txt" />
		<Unit filename="levels/ColMap2.txt" />
		<Unit filename="levels/ColMap3.txt" />
		<Unit filename="levels/Map1.txt" />
		<Unit filename="levels/Map2.txt" />
		<Unit filename="levels/Map3.txt" />
		<Unit filename="main.cpp" />
		<Unit filename="media/apple.bmp" />
		<Unit filename="media/gameover.bmp" />
		<Unit filename="media/ground.bmp" />
		<Unit filename="media/stone.bmp" />
		<Unit filename="media/title.bmp" />
		<Unit filename="src/Camera.cpp" />
		<Unit filename="src/Collision.cpp" />
		<Unit filename="src/Enemy.cpp" />
		<Unit filename="src/Map.cpp" />
		<Unit filename="src/Player.cpp" />
		<Unit filename="src/ScreenManager.cpp" />
		<Extensions>
			<code_completion />
			<envvars />
			<debugger />
		</Extensions>
	</Project>
</CodeBlocks_project_file>
